
Microsoft Visual Studio Solution File, Format Version 12.00
# Visual Studio Version 16
VisualStudioVersion = 16.0.810.21
MinimumVisualStudioVersion = 10.0.40219.1
Project("{FAE04EC0-301F-11D3-BF4B-00C04F79EFBC}") = "TravelRecordApp.Android", "TravelRecordApp.Android\TravelRecordApp.Android.csproj", "{79A56C28-D4FB-4D78-A6AE-FF2B1084040C}"
EndProject
Project("{FAE04EC0-301F-11D3-BF4B-00C04F79EFBC}") = "TravelRecordApp.iOS", "TravelRecordApp.iOS\TravelRecordApp.iOS.csproj", "{BC5B8F62-C330-4F98-BA56-45695D2A2B8B}"
EndProject
Project("{FAE04EC0-301F-11D3-BF4B-00C04F79EFBC}") = "TravelRecordApp", "TravelRecordApp\TravelRecordApp.csproj", "{0A01FC7B-781A-41B1-B014-953D55A8A830}"
EndProject
Global
	GlobalSection(SolutionConfigurationPlatforms) = preSolution
		Debug|Any CPU = Debug|Any CPU
		Release|Any CPU = Release|Any CPU
		Debug|iPhoneSimulator = Debug|iPhoneSimulator
		Release|iPhoneSimulator = Release|iPhoneSimulator
		Debug|iPhone = Debug|iPhone
		Release|iPhone = Release|iPhone
	EndGlobalSection
	GlobalSection(ProjectConfigurationPlatforms) = postSolution
		{79A56C28-D4FB-4D78-A6AE-FF2B1084040C}.Debug|Any CPU.ActiveCfg = Debug|Any CPU
		{79A56C28-D4FB-4D78-A6AE-FF2B1084040C}.Debug|Any CPU.Build.0 = Debug|Any CPU
		{79A56C28-D4FB-4D78-A6AE-FF2B1084040C}.Release|Any CPU.ActiveCfg = Release|Any CPU
		{79A56C28-D4FB-4D78-A6AE-FF2B1084040C}.Release|Any CPU.Build.0 = Release|Any CPU
		{79A56C28-D4FB-4D78-A6AE-FF2B1084040C}.Debug|iPhoneSimulator.ActiveCfg = Debug|Any CPU
		{79A56C28-D4FB-4D78-A6AE-FF2B1084040C}.Debug|iPhoneSimulator.Build.0 = Debug|Any CPU
		{79A56C28-D4FB-4D78-A6AE-FF2B1084040C}.Release|iPhoneSimulator.ActiveCfg = Release|Any CPU
		{79A56C28-D4FB-4D78-A6AE-FF2B1084040C}.Release|iPhoneSimulator.Build.0 = Release|Any CPU
		{79A56C28-D4FB-4D78-A6AE-FF2B1084040C}.Debug|iPhone.ActiveCfg = Debug|Any CPU
		{79A56C28-D4FB-4D78-A6AE-FF2B1084040C}.Debug|iPhone.Build.0 = Debug|Any CPU
		{79A56C28-D4FB-4D78-A6AE-FF2B1084040C}.Release|iPhone.ActiveCfg = Release|Any CPU
		{79A56C28-D4FB-4D78-A6AE-FF2B1084040C}.Release|iPhone.Build.0 = Release|Any CPU
		{BC5B8F62-C330-4F98-BA56-45695D2A2B8B}.Debug|Any CPU.ActiveCfg = Debug|iPhoneSimulator
		{BC5B8F62-C330-4F98-BA56-45695D2A2B8B}.Debug|Any CPU.Build.0 = Debug|iPhoneSimulator
		{BC5B8F62-C330-4F98-BA56-45695D2A2B8B}.Release|Any CPU.ActiveCfg = Release|iPhoneSimulator
		{BC5B8F62-C330-4F98-BA56-45695D2A2B8B}.Release|Any CPU.Build.0 = Release|iPhoneSimulator
		{BC5B8F62-C330-4F98-BA56-45695D2A2B8B}.Debug|iPhoneSimulator.ActiveCfg = Debug|iPhoneSimulator
		{BC5B8F62-C330-4F98-BA56-45695D2A2B8B}.Debug|iPhoneSimulator.Build.0 = Debug|iPhoneSimulator
		{BC5B8F62-C330-4F98-BA56-45695D2A2B8B}.Release|iPhoneSimulator.ActiveCfg = Release|iPhoneSimulator
		{BC5B8F62-C330-4F98-BA56-45695D2A2B8B}.Release|iPhoneSimulator.Build.0 = Release|iPhoneSimulator
		{BC5B8F62-C330-4F98-BA56-45695D2A2B8B}.Debug|iPhone.ActiveCfg = Debug|iPhone
		{BC5B8F62-C330-4F98-BA56-45695D2A2B8B}.Debug|iPhone.Build.0 = Debug|iPhone
		{BC5B8F62-C330-4F98-BA56-45695D2A2B8B}.Release|iPhone.ActiveCfg = Release|iPhone
		{BC5B8F62-C330-4F98-BA56-45695D2A2B8B}.Release|iPhone.Build.0 = Release|iPhone
		{0A01FC7B-781A-41B1-B014-953D55A8A830}.Debug|Any CPU.ActiveCfg = Debug|Any CPU
		{0A01FC7B-781A-41B1-B014-953D55A8A830}.Debug|Any CPU.Build.0 = Debug|Any CPU
		{0A01FC7B-781A-41B1-B014-953D55A8A830}.Release|Any CPU.ActiveCfg = Release|Any CPU
		{0A01FC7B-781A-41B1-B014-953D55A8A830}.Release|Any CPU.Build.0 = Release|Any CPU
		{0A01FC7B-781A-41B1-B014-953D55A8A830}.Debug|iPhoneSimulator.ActiveCfg = Debug|Any CPU
		{0A01FC7B-781A-41B1-B014-953D55A8A830}.Debug|iPhoneSimulator.Build.0 = Debug|Any CPU
		{0A01FC7B-781A-41B1-B014-953D55A8A830}.Release|iPhoneSimulator.ActiveCfg = Release|Any CPU
		{0A01FC7B-781A-41B1-B014-953D55A8A830}.Release|iPhoneSimulator.Build.0 = Release|Any CPU
		{0A01FC7B-781A-41B1-B014-953D55A8A830}.Debug|iPhone.ActiveCfg = Debug|Any CPU
		{0A01FC7B-781A-41B1-B014-953D55A8A830}.Debug|iPhone.Build.0 = Debug|Any CPU
		{0A01FC7B-781A-41B1-B014-953D55A8A830}.Release|iPhone.ActiveCfg = Release|Any CPU
		{0A01FC7B-781A-41B1-B014-953D55A8A830}.Release|iPhone.Build.0 = Release|Any CPU
	EndGlobalSection
	GlobalSection(SolutionProperties) = preSolution
		HideSolutionNode = FALSE
	EndGlobalSection
	GlobalSection(ExtensibilityGlobals) = postSolution
		SolutionGuid = {8CD4317B-C478-4590-8619-C1363970343A}
	EndGlobalSection
EndGlobal
